# This file is automatically @generated by Poetry 1.4.1 and should not be changed by hand.

[[package]]
name = "nagiosplugin"
version = "1.3.3"
description = "Class library for writing Nagios (Icinga) plugins"
category = "main"
optional = false
python-versions = "*"
files = [
    {file = "nagiosplugin-1.3.3-py3-none-any.whl", hash = "sha256:e46b21c0d5e4ca80883a63c2732640df2ceb58743f6a021f9a59ba3ec7f8cd89"},
    {file = "nagiosplugin-1.3.3.tar.gz", hash = "sha256:bceafaec359f032393ddd560ae2cc8d163613833ec63c93ce7189f85904e53d6"},
]

[[package]]
name = "pyserial"
version = "3.5"
description = "Python Serial Port Extension"
category = "main"
optional = false
python-versions = "*"
files = [
    {file = "pyserial-3.5-py2.py3-none-any.whl", hash = "sha256:c4451db6ba391ca6ca299fb3ec7bae67a5c55dde170964c7a14ceefec02f2cf0"},
    {file = "pyserial-3.5.tar.gz", hash = "sha256:3c77e014170dfffbd816e6ffc205e9842efb10be9f58ec16d3e8675b4925cddb"},
]

[package.extras]
cp2110 = ["hidapi"]

[metadata]
lock-version = "2.0"
python-versions = "^3.10"
content-hash = "1afd198e5516b81f54d975439e748bdb6d6dfee721c921c6a268c5730556417a"
